
Microsoft Visual Studio Solution File, Format Version 12.00
# Visual Studio Version 17
VisualStudioVersion = 17.1.32414.318
MinimumVisualStudioVersion = 10.0.40219.1
Project("{FAE04EC0-301F-11D3-BF4B-00C04F79EFBC}") = "programm", "programm.csproj", "{3599370F-2368-457C-A1DB-5A22D526BACA}"
EndProject
Global
	GlobalSection(SolutionConfigurationPlatforms) = preSolution
		Debug|Any CPU = Debug|Any CPU
		Release|Any CPU = Release|Any CPU
	EndGlobalSection
	GlobalSection(ProjectConfigurationPlatforms) = postSolution
		{3599370F-2368-457C-A1DB-5A22D526BACA}.Debug|Any CPU.ActiveCfg = Debug|Any CPU
		{3599370F-2368-457C-A1DB-5A22D526BACA}.Debug|Any CPU.Build.0 = Debug|Any CPU
		{3599370F-2368-457C-A1DB-5A22D526BACA}.Release|Any CPU.ActiveCfg = Release|Any CPU
		{3599370F-2368-457C-A1DB-5A22D526BACA}.Release|Any CPU.Build.0 = Release|Any CPU
	EndGlobalSection
	GlobalSection(SolutionProperties) = preSolution
		HideSolutionNode = FALSE
	EndGlobalSection
	GlobalSection(ExtensibilityGlobals) = postSolution
		SolutionGuid = {58332BFF-7D70-4DBC-82D1-CD76FD03419C}
	EndGlobalSection
EndGlobal
